
Microsoft Visual Studio Solution File, Format Version 12.00
# Visual Studio Version 16
VisualStudioVersion = 16.0.28729.10
MinimumVisualStudioVersion = 10.0.40219.1
Project("{FAE04EC0-301F-11D3-BF4B-00C04F79EFBC}") = "Cashier Simulation", "Cashier Simulation\Cashier Simulation.csproj", "{14F0D3F7-6B88-4E25-98B4-606C4332F701}"
EndProject
Global
	GlobalSection(SolutionConfigurationPlatforms) = preSolution
		Debug|Any CPU = Debug|Any CPU
		Release|Any CPU = Release|Any CPU
	EndGlobalSection
	GlobalSection(ProjectConfigurationPlatforms) = postSolution
		{14F0D3F7-6B88-4E25-98B4-606C4332F701}.Debug|Any CPU.ActiveCfg = Debug|Any CPU
		{14F0D3F7-6B88-4E25-98B4-606C4332F701}.Debug|Any CPU.Build.0 = Debug|Any CPU
		{14F0D3F7-6B88-4E25-98B4-606C4332F701}.Release|Any CPU.ActiveCfg = Release|Any CPU
		{14F0D3F7-6B88-4E25-98B4-606C4332F701}.Release|Any CPU.Build.0 = Release|Any CPU
	EndGlobalSection
	GlobalSection(SolutionProperties) = preSolution
		HideSolutionNode = FALSE
	EndGlobalSection
	GlobalSection(ExtensibilityGlobals) = postSolution
		SolutionGuid = {7FBD59C1-4238-42EA-8EBA-88FD3B433C61}
	EndGlobalSection
EndGlobal
